
Microsoft Visual Studio Solution File, Format Version 12.00
# Visual Studio 2013
VisualStudioVersion = 12.0.30110.0
MinimumVisualStudioVersion = 10.0.40219.1
Project("{FAE04EC0-301F-11D3-BF4B-00C04F79EFBC}") = "PowerShellRunnerService", "PowerShellRunnerService\PowerShellRunnerService.csproj", "{8144BA5A-A907-49A1-BEA9-C35112A5ED68}"
EndProject
Project("{2150E333-8FDC-42A3-9474-1A3956D46DE8}") = "Solution Items", "Solution Items", "{B36AB205-836D-47D0-BB3E-60F9D9DFC0D2}"
EndProject
Project("{FAE04EC0-301F-11D3-BF4B-00C04F79EFBC}") = "ExampleTests", "ExampleTests\ExampleTests.csproj", "{2096C35E-938E-45FF-BAC8-EDBFC6997246}"
EndProject
Project("{2150E333-8FDC-42A3-9474-1A3956D46DE8}") = "PowerShellTestScripts", "PowerShellTestScripts", "{4AF5800B-005E-4B8C-8ECE-1C954DE60F71}"
	ProjectSection(SolutionItems) = preProject
		..\PowerShellTestScripts\CountTestScript.ps1 = ..\PowerShellTestScripts\CountTestScript.ps1
		..\PowerShellTestScripts\LoopTestScript.ps1 = ..\PowerShellTestScripts\LoopTestScript.ps1
		..\PowerShellTestScripts\ScheduledTestScript.ps1 = ..\PowerShellTestScripts\ScheduledTestScript.ps1
	EndProjectSection
EndProject
Global
	GlobalSection(SolutionConfigurationPlatforms) = preSolution
		Debug|Any CPU = Debug|Any CPU
		Release|Any CPU = Release|Any CPU
	EndGlobalSection
	GlobalSection(ProjectConfigurationPlatforms) = postSolution
		{8144BA5A-A907-49A1-BEA9-C35112A5ED68}.Debug|Any CPU.ActiveCfg = Debug|Any CPU
		{8144BA5A-A907-49A1-BEA9-C35112A5ED68}.Debug|Any CPU.Build.0 = Debug|Any CPU
		{8144BA5A-A907-49A1-BEA9-C35112A5ED68}.Release|Any CPU.ActiveCfg = Release|Any CPU
		{8144BA5A-A907-49A1-BEA9-C35112A5ED68}.Release|Any CPU.Build.0 = Release|Any CPU
		{2096C35E-938E-45FF-BAC8-EDBFC6997246}.Debug|Any CPU.ActiveCfg = Debug|Any CPU
		{2096C35E-938E-45FF-BAC8-EDBFC6997246}.Debug|Any CPU.Build.0 = Debug|Any CPU
		{2096C35E-938E-45FF-BAC8-EDBFC6997246}.Release|Any CPU.ActiveCfg = Release|Any CPU
		{2096C35E-938E-45FF-BAC8-EDBFC6997246}.Release|Any CPU.Build.0 = Release|Any CPU
	EndGlobalSection
	GlobalSection(SolutionProperties) = preSolution
		HideSolutionNode = FALSE
	EndGlobalSection
	GlobalSection(NestedProjects) = preSolution
		{4AF5800B-005E-4B8C-8ECE-1C954DE60F71} = {B36AB205-836D-47D0-BB3E-60F9D9DFC0D2}
	EndGlobalSection
EndGlobal
